
Microsoft Visual Studio Solution File, Format Version 12.00
# Visual Studio 15
VisualStudioVersion = 15.0.27703.2047
MinimumVisualStudioVersion = 10.0.40219.1
Project("{FAE04EC0-301F-11D3-BF4B-00C04F79EFBC}") = "Slieder2017Cs", "Slieder2017Cs\Slieder2017Cs.csproj", "{3F7E468C-824C-4ED7-8B14-BAD5BA95EF99}"
EndProject
Global
	GlobalSection(SolutionConfigurationPlatforms) = preSolution
		Debug|ARM = Debug|ARM
		Debug|x64 = Debug|x64
		Debug|x86 = Debug|x86
		Release|ARM = Release|ARM
		Release|x64 = Release|x64
		Release|x86 = Release|x86
	EndGlobalSection
	GlobalSection(ProjectConfigurationPlatforms) = postSolution
		{3F7E468C-824C-4ED7-8B14-BAD5BA95EF99}.Debug|ARM.ActiveCfg = Debug|ARM
		{3F7E468C-824C-4ED7-8B14-BAD5BA95EF99}.Debug|ARM.Build.0 = Debug|ARM
		{3F7E468C-824C-4ED7-8B14-BAD5BA95EF99}.Debug|ARM.Deploy.0 = Debug|ARM
		{3F7E468C-824C-4ED7-8B14-BAD5BA95EF99}.Debug|x64.ActiveCfg = Debug|x64
		{3F7E468C-824C-4ED7-8B14-BAD5BA95EF99}.Debug|x64.Build.0 = Debug|x64
		{3F7E468C-824C-4ED7-8B14-BAD5BA95EF99}.Debug|x64.Deploy.0 = Debug|x64
		{3F7E468C-824C-4ED7-8B14-BAD5BA95EF99}.Debug|x86.ActiveCfg = Debug|x86
		{3F7E468C-824C-4ED7-8B14-BAD5BA95EF99}.Debug|x86.Build.0 = Debug|x86
		{3F7E468C-824C-4ED7-8B14-BAD5BA95EF99}.Debug|x86.Deploy.0 = Debug|x86
		{3F7E468C-824C-4ED7-8B14-BAD5BA95EF99}.Release|ARM.ActiveCfg = Release|ARM
		{3F7E468C-824C-4ED7-8B14-BAD5BA95EF99}.Release|ARM.Build.0 = Release|ARM
		{3F7E468C-824C-4ED7-8B14-BAD5BA95EF99}.Release|ARM.Deploy.0 = Release|ARM
		{3F7E468C-824C-4ED7-8B14-BAD5BA95EF99}.Release|x64.ActiveCfg = Release|x64
		{3F7E468C-824C-4ED7-8B14-BAD5BA95EF99}.Release|x64.Build.0 = Release|x64
		{3F7E468C-824C-4ED7-8B14-BAD5BA95EF99}.Release|x64.Deploy.0 = Release|x64
		{3F7E468C-824C-4ED7-8B14-BAD5BA95EF99}.Release|x86.ActiveCfg = Release|x86
		{3F7E468C-824C-4ED7-8B14-BAD5BA95EF99}.Release|x86.Build.0 = Release|x86
		{3F7E468C-824C-4ED7-8B14-BAD5BA95EF99}.Release|x86.Deploy.0 = Release|x86
	EndGlobalSection
	GlobalSection(SolutionProperties) = preSolution
		HideSolutionNode = FALSE
	EndGlobalSection
	GlobalSection(ExtensibilityGlobals) = postSolution
		SolutionGuid = {B36D13A3-FDCF-43AE-8E3B-81D7A762A266}
	EndGlobalSection
EndGlobal
